
Microsoft Visual Studio Solution File, Format Version 12.00
# Visual Studio 2017
Project("{FAE04EC0-301F-11D3-BF4B-00C04F79EFBC}") = "VR Terrain Creation Prototype", "VR Terrain Creation Prototype.csproj", "{F7E6A267-F59A-D9E8-FB91-E4E5B823C1A1}"
EndProject
Project("{FAE04EC0-301F-11D3-BF4B-00C04F79EFBC}") = "VR Terrain Creation Prototype.Editor", "VR Terrain Creation Prototype.Editor.csproj", "{48D1C3F8-EB3B-8506-B75B-CC8D100C7970}"
EndProject
Global
	GlobalSection(SolutionConfigurationPlatforms) = preSolution
		Debug|Any CPU = Debug|Any CPU
		Release|Any CPU = Release|Any CPU
	EndGlobalSection
	GlobalSection(ProjectConfigurationPlatforms) = postSolution
		{F7E6A267-F59A-D9E8-FB91-E4E5B823C1A1}.Debug|Any CPU.ActiveCfg = Debug|Any CPU
		{F7E6A267-F59A-D9E8-FB91-E4E5B823C1A1}.Debug|Any CPU.Build.0 = Debug|Any CPU
		{F7E6A267-F59A-D9E8-FB91-E4E5B823C1A1}.Release|Any CPU.ActiveCfg = Release|Any CPU
		{F7E6A267-F59A-D9E8-FB91-E4E5B823C1A1}.Release|Any CPU.Build.0 = Release|Any CPU
		{48D1C3F8-EB3B-8506-B75B-CC8D100C7970}.Debug|Any CPU.ActiveCfg = Debug|Any CPU
		{48D1C3F8-EB3B-8506-B75B-CC8D100C7970}.Debug|Any CPU.Build.0 = Debug|Any CPU
		{48D1C3F8-EB3B-8506-B75B-CC8D100C7970}.Release|Any CPU.ActiveCfg = Release|Any CPU
		{48D1C3F8-EB3B-8506-B75B-CC8D100C7970}.Release|Any CPU.Build.0 = Release|Any CPU
	EndGlobalSection
	GlobalSection(SolutionProperties) = preSolution
		HideSolutionNode = FALSE
	EndGlobalSection
EndGlobal
